
Microsoft Visual Studio Solution File, Format Version 12.00
Project("{FAE04EC0-301F-11D3-BF4B-00C04F79EFBC}") = "TrelloAPIFramework", "TrelloAPIFramework\TrelloAPIFramework.csproj", "{39CE5008-A7DB-4A39-B7D2-BA987A11CCDC}"
EndProject
Global
	GlobalSection(SolutionConfigurationPlatforms) = preSolution
		Debug|Any CPU = Debug|Any CPU
		Release|Any CPU = Release|Any CPU
	EndGlobalSection
	GlobalSection(ProjectConfigurationPlatforms) = postSolution
		{39CE5008-A7DB-4A39-B7D2-BA987A11CCDC}.Debug|Any CPU.ActiveCfg = Debug|Any CPU
		{39CE5008-A7DB-4A39-B7D2-BA987A11CCDC}.Debug|Any CPU.Build.0 = Debug|Any CPU
		{39CE5008-A7DB-4A39-B7D2-BA987A11CCDC}.Release|Any CPU.ActiveCfg = Release|Any CPU
		{39CE5008-A7DB-4A39-B7D2-BA987A11CCDC}.Release|Any CPU.Build.0 = Release|Any CPU
	EndGlobalSection
EndGlobal
